
Microsoft Visual Studio Solution File, Format Version 12.00
# Visual Studio Version 17
VisualStudioVersion = 17.6.33723.286
MinimumVisualStudioVersion = 10.0.40219.1
Project("{9A19103F-16F7-4668-BE54-9A1E7A4F7556}") = "Darts.WinUI", "Darts.WinUI\Darts.WinUI.csproj", "{31B4AE0F-E877-4F15-84E5-9050C38173CA}"
EndProject
Project("{9A19103F-16F7-4668-BE54-9A1E7A4F7556}") = "Darts.Games", "Darts.Games\Darts.Games.csproj", "{002CD95E-0F68-4543-8E38-741197DE3F49}"
EndProject
Project("{9A19103F-16F7-4668-BE54-9A1E7A4F7556}") = "Darts.DAL", "Darts.DAL\Darts.DAL.csproj", "{CA6D9BF4-5BCA-4DBF-921A-ACD45534C9EE}"
EndProject
Global
	GlobalSection(SolutionConfigurationPlatforms) = preSolution
		Debug|Any CPU = Debug|Any CPU
		Debug|ARM = Debug|ARM
		Debug|ARM64 = Debug|ARM64
		Debug|x64 = Debug|x64
		Debug|x86 = Debug|x86
		Release|Any CPU = Release|Any CPU
		Release|ARM = Release|ARM
		Release|ARM64 = Release|ARM64
		Release|x64 = Release|x64
		Release|x86 = Release|x86
	EndGlobalSection
	GlobalSection(ProjectConfigurationPlatforms) = postSolution
		{31B4AE0F-E877-4F15-84E5-9050C38173CA}.Debug|Any CPU.ActiveCfg = Debug|x64
		{31B4AE0F-E877-4F15-84E5-9050C38173CA}.Debug|Any CPU.Build.0 = Debug|x64
		{31B4AE0F-E877-4F15-84E5-9050C38173CA}.Debug|Any CPU.Deploy.0 = Debug|x64
		{31B4AE0F-E877-4F15-84E5-9050C38173CA}.Debug|ARM.ActiveCfg = Debug|x64
		{31B4AE0F-E877-4F15-84E5-9050C38173CA}.Debug|ARM.Build.0 = Debug|x64
		{31B4AE0F-E877-4F15-84E5-9050C38173CA}.Debug|ARM.Deploy.0 = Debug|x64
		{31B4AE0F-E877-4F15-84E5-9050C38173CA}.Debug|ARM64.ActiveCfg = Debug|ARM64
		{31B4AE0F-E877-4F15-84E5-9050C38173CA}.Debug|ARM64.Build.0 = Debug|ARM64
		{31B4AE0F-E877-4F15-84E5-9050C38173CA}.Debug|ARM64.Deploy.0 = Debug|ARM64
		{31B4AE0F-E877-4F15-84E5-9050C38173CA}.Debug|x64.ActiveCfg = Debug|x64
		{31B4AE0F-E877-4F15-84E5-9050C38173CA}.Debug|x64.Build.0 = Debug|x64
		{31B4AE0F-E877-4F15-84E5-9050C38173CA}.Debug|x64.Deploy.0 = Debug|x64
		{31B4AE0F-E877-4F15-84E5-9050C38173CA}.Debug|x86.ActiveCfg = Debug|x86
		{31B4AE0F-E877-4F15-84E5-9050C38173CA}.Debug|x86.Build.0 = Debug|x86
		{31B4AE0F-E877-4F15-84E5-9050C38173CA}.Debug|x86.Deploy.0 = Debug|x86
		{31B4AE0F-E877-4F15-84E5-9050C38173CA}.Release|Any CPU.ActiveCfg = Release|x64
		{31B4AE0F-E877-4F15-84E5-9050C38173CA}.Release|Any CPU.Build.0 = Release|x64
		{31B4AE0F-E877-4F15-84E5-9050C38173CA}.Release|Any CPU.Deploy.0 = Release|x64
		{31B4AE0F-E877-4F15-84E5-9050C38173CA}.Release|ARM.ActiveCfg = Release|x64
		{31B4AE0F-E877-4F15-84E5-9050C38173CA}.Release|ARM.Build.0 = Release|x64
		{31B4AE0F-E877-4F15-84E5-9050C38173CA}.Release|ARM.Deploy.0 = Release|x64
		{31B4AE0F-E877-4F15-84E5-9050C38173CA}.Release|ARM64.ActiveCfg = Release|ARM64
		{31B4AE0F-E877-4F15-84E5-9050C38173CA}.Release|ARM64.Build.0 = Release|ARM64
		{31B4AE0F-E877-4F15-84E5-9050C38173CA}.Release|ARM64.Deploy.0 = Release|ARM64
		{31B4AE0F-E877-4F15-84E5-9050C38173CA}.Release|x64.ActiveCfg = Release|x64
		{31B4AE0F-E877-4F15-84E5-9050C38173CA}.Release|x64.Build.0 = Release|x64
		{31B4AE0F-E877-4F15-84E5-9050C38173CA}.Release|x64.Deploy.0 = Release|x64
		{31B4AE0F-E877-4F15-84E5-9050C38173CA}.Release|x86.ActiveCfg = Release|x86
		{31B4AE0F-E877-4F15-84E5-9050C38173CA}.Release|x86.Build.0 = Release|x86
		{31B4AE0F-E877-4F15-84E5-9050C38173CA}.Release|x86.Deploy.0 = Release|x86
		{002CD95E-0F68-4543-8E38-741197DE3F49}.Debug|Any CPU.ActiveCfg = Debug|Any CPU
		{002CD95E-0F68-4543-8E38-741197DE3F49}.Debug|Any CPU.Build.0 = Debug|Any CPU
		{002CD95E-0F68-4543-8E38-741197DE3F49}.Debug|ARM.ActiveCfg = Debug|Any CPU
		{002CD95E-0F68-4543-8E38-741197DE3F49}.Debug|ARM.Build.0 = Debug|Any CPU
		{002CD95E-0F68-4543-8E38-741197DE3F49}.Debug|ARM64.ActiveCfg = Debug|Any CPU
		{002CD95E-0F68-4543-8E38-741197DE3F49}.Debug|ARM64.Build.0 = Debug|Any CPU
		{002CD95E-0F68-4543-8E38-741197DE3F49}.Debug|x64.ActiveCfg = Debug|Any CPU
		{002CD95E-0F68-4543-8E38-741197DE3F49}.Debug|x64.Build.0 = Debug|Any CPU
		{002CD95E-0F68-4543-8E38-741197DE3F49}.Debug|x86.ActiveCfg = Debug|Any CPU
		{002CD95E-0F68-4543-8E38-741197DE3F49}.Debug|x86.Build.0 = Debug|Any CPU
		{002CD95E-0F68-4543-8E38-741197DE3F49}.Release|Any CPU.ActiveCfg = Release|Any CPU
		{002CD95E-0F68-4543-8E38-741197DE3F49}.Release|Any CPU.Build.0 = Release|Any CPU
		{002CD95E-0F68-4543-8E38-741197DE3F49}.Release|ARM.ActiveCfg = Release|Any CPU
		{002CD95E-0F68-4543-8E38-741197DE3F49}.Release|ARM.Build.0 = Release|Any CPU
		{002CD95E-0F68-4543-8E38-741197DE3F49}.Release|ARM64.ActiveCfg = Release|Any CPU
		{002CD95E-0F68-4543-8E38-741197DE3F49}.Release|ARM64.Build.0 = Release|Any CPU
		{002CD95E-0F68-4543-8E38-741197DE3F49}.Release|x64.ActiveCfg = Release|Any CPU
		{002CD95E-0F68-4543-8E38-741197DE3F49}.Release|x64.Build.0 = Release|Any CPU
		{002CD95E-0F68-4543-8E38-741197DE3F49}.Release|x86.ActiveCfg = Release|Any CPU
		{002CD95E-0F68-4543-8E38-741197DE3F49}.Release|x86.Build.0 = Release|Any CPU
		{CA6D9BF4-5BCA-4DBF-921A-ACD45534C9EE}.Debug|Any CPU.ActiveCfg = Debug|Any CPU
		{CA6D9BF4-5BCA-4DBF-921A-ACD45534C9EE}.Debug|Any CPU.Build.0 = Debug|Any CPU
		{CA6D9BF4-5BCA-4DBF-921A-ACD45534C9EE}.Debug|ARM.ActiveCfg = Debug|Any CPU
		{CA6D9BF4-5BCA-4DBF-921A-ACD45534C9EE}.Debug|ARM.Build.0 = Debug|Any CPU
		{CA6D9BF4-5BCA-4DBF-921A-ACD45534C9EE}.Debug|ARM64.ActiveCfg = Debug|Any CPU
		{CA6D9BF4-5BCA-4DBF-921A-ACD45534C9EE}.Debug|ARM64.Build.0 = Debug|Any CPU
		{CA6D9BF4-5BCA-4DBF-921A-ACD45534C9EE}.Debug|x64.ActiveCfg = Debug|Any CPU
		{CA6D9BF4-5BCA-4DBF-921A-ACD45534C9EE}.Debug|x64.Build.0 = Debug|Any CPU
		{CA6D9BF4-5BCA-4DBF-921A-ACD45534C9EE}.Debug|x86.ActiveCfg = Debug|Any CPU
		{CA6D9BF4-5BCA-4DBF-921A-ACD45534C9EE}.Debug|x86.Build.0 = Debug|Any CPU
		{CA6D9BF4-5BCA-4DBF-921A-ACD45534C9EE}.Release|Any CPU.ActiveCfg = Release|Any CPU
		{CA6D9BF4-5BCA-4DBF-921A-ACD45534C9EE}.Release|Any CPU.Build.0 = Release|Any CPU
		{CA6D9BF4-5BCA-4DBF-921A-ACD45534C9EE}.Release|ARM.ActiveCfg = Release|Any CPU
		{CA6D9BF4-5BCA-4DBF-921A-ACD45534C9EE}.Release|ARM.Build.0 = Release|Any CPU
		{CA6D9BF4-5BCA-4DBF-921A-ACD45534C9EE}.Release|ARM64.ActiveCfg = Release|Any CPU
		{CA6D9BF4-5BCA-4DBF-921A-ACD45534C9EE}.Release|ARM64.Build.0 = Release|Any CPU
		{CA6D9BF4-5BCA-4DBF-921A-ACD45534C9EE}.Release|x64.ActiveCfg = Release|Any CPU
		{CA6D9BF4-5BCA-4DBF-921A-ACD45534C9EE}.Release|x64.Build.0 = Release|Any CPU
		{CA6D9BF4-5BCA-4DBF-921A-ACD45534C9EE}.Release|x86.ActiveCfg = Release|Any CPU
		{CA6D9BF4-5BCA-4DBF-921A-ACD45534C9EE}.Release|x86.Build.0 = Release|Any CPU
	EndGlobalSection
	GlobalSection(SolutionProperties) = preSolution
		HideSolutionNode = FALSE
	EndGlobalSection
	GlobalSection(ExtensibilityGlobals) = postSolution
		SolutionGuid = {DC8F312F-0CB6-48EB-B3E5-3428DDF54B4C}
	EndGlobalSection
EndGlobal
